// !$*UTF8*$!
{
	archiveVersion = 1;
	classes = {
	};
	objectVersion = 46;
	objects = {

/* Begin PBXBuildFile section */
		B27E55001587F9A500A0A851 /* UIKit.framework in Frameworks */ = {isa = PBXBuildFile; fileRef = B27E54FF1587F9A500A0A851 /* UIKit.framework */; };
		B27E55021587F9A500A0A851 /* Foundation.framework in Frameworks */ = {isa = PBXBuildFile; fileRef = B27E55011587F9A500A0A851 /* Foundation.framework */; };
		B27E55041587F9A500A0A851 /* CoreGraphics.framework in Frameworks */ = {isa = PBXBuildFile; fileRef = B27E55031587F9A500A0A851 /* CoreGraphics.framework */; };
		B27E550A1587F9A500A0A851 /* InfoPlist.strings in Resources */ = {isa = PBXBuildFile; fileRef = B27E55081587F9A500A0A851 /* InfoPlist.strings */; };
		B27E550C1587F9A500A0A851 /* main.m in Sources */ = {isa = PBXBuildFile; fileRef = B27E550B1587F9A500A0A851 /* main.m */; };
		B27E55101587F9A500A0A851 /* AppDelegate.m in Sources */ = {isa = PBXBuildFile; fileRef = B27E550F1587F9A500A0A851 /* AppDelegate.m */; };
		B27E55131587F9A500A0A851 /* ViewController.m in Sources */ = {isa = PBXBuildFile; fileRef = B27E55121587F9A500A0A851 /* ViewController.m */; };
		B27E55161587F9A600A0A851 /* ViewController_iPhone.xib in Resources */ = {isa = PBXBuildFile; fileRef = B27E55141587F9A600A0A851 /* ViewController_iPhone.xib */; };
		B27E55191587F9A600A0A851 /* ViewController_iPad.xib in Resources */ = {isa = PBXBuildFile; fileRef = B27E55171587F9A600A0A851 /* ViewController_iPad.xib */; };
		B27E55211587F9A600A0A851 /* SenTestingKit.framework in Frameworks */ = {isa = PBXBuildFile; fileRef = B27E55201587F9A600A0A851 /* SenTestingKit.framework */; };
		B27E55221587F9A600A0A851 /* UIKit.framework in Frameworks */ = {isa = PBXBuildFile; fileRef = B27E54FF1587F9A500A0A851 /* UIKit.framework */; };
		B27E55231587F9A600A0A851 /* Foundation.framework in Frameworks */ = {isa = PBXBuildFile; fileRef = B27E55011587F9A500A0A851 /* Foundation.framework */; };
		B27E552B1587F9A600A0A851 /* InfoPlist.strings in Resources */ = {isa = PBXBuildFile; fileRef = B27E55291587F9A600A0A851 /* InfoPlist.strings */; };
		B27E552E1587F9A600A0A851 /* AwayFromDeskOfficialClone2Tests.m in Sources */ = {isa = PBXBuildFile; fileRef = B27E552D1587F9A600A0A851 /* AwayFromDeskOfficialClone2Tests.m */; };
/* End PBXBuildFile section */

/* Begin PBXContainerItemProxy section */
		B27E55241587F9A600A0A851 /* PBXContainerItemProxy */ = {
			isa = PBXContainerItemProxy;
			containerPortal = B27E54F21587F9A500A0A851 /* Project object */;
			proxyType = 1;
			remoteGlobalIDString = B27E54FA1587F9A500A0A851;
			remoteInfo = AwayFromDeskOfficialClone2;
		};
/* End PBXContainerItemProxy section */

/* Begin PBXFileReference section */
		B27E54FB1587F9A500A0A851 /* AwayFromDeskOfficialClone2.app */ = {isa = PBXFileReference; explicitFileType = wrapper.application; includeInIndex = 0; path = AwayFromDeskOfficialClone2.app; sourceTree = BUILT_PRODUCTS_DIR; };
		B27E54FF1587F9A500A0A851 /* UIKit.framework */ = {isa = PBXFileReference; lastKnownFileType = wrapper.framework; name = UIKit.framework; path = System/Library/Frameworks/UIKit.framework; sourceTree = SDKROOT; };
		B27E55011587F9A500A0A851 /* Foundation.framework */ = {isa = PBXFileReference; lastKnownFileType = wrapper.framework; name = Foundation.framework; path = System/Library/Frameworks/Foundation.framework; sourceTree = SDKROOT; };
		B27E55031587F9A500A0A851 /* CoreGraphics.framework */ = {isa = PBXFileReference; lastKnownFileType = wrapper.framework; name = CoreGraphics.framework; path = System/Library/Frameworks/CoreGraphics.framework; sourceTree = SDKROOT; };
		B27E55071587F9A500A0A851 /* AwayFromDeskOfficialClone2-Info.plist */ = {isa = PBXFileReference; lastKnownFileType = text.plist.xml; path = "AwayFromDeskOfficialClone2-Info.plist"; sourceTree = "<group>"; };
		B27E55091587F9A500A0A851 /* en */ = {isa = PBXFileReference; lastKnownFileType = text.plist.strings; name = en; path = en.lproj/InfoPlist.strings; sourceTree = "<group>"; };
		B27E550B1587F9A500A0A851 /* main.m */ = {isa = PBXFileReference; lastKnownFileType = sourcecode.c.objc; path = main.m; sourceTree = "<group>"; };
		B27E550D1587F9A500A0A851 /* AwayFromDeskOfficialClone2-Prefix.pch */ = {isa = PBXFileReference; lastKnownFileType = sourcecode.c.h; path = "AwayFromDeskOfficialClone2-Prefix.pch"; sourceTree = "<group>"; };
		B27E550E1587F9A500A0A851 /* AppDelegate.h */ = {isa = PBXFileReference; lastKnownFileType = sourcecode.c.h; path = AppDelegate.h; sourceTree = "<group>"; };
		B27E550F1587F9A500A0A851 /* AppDelegate.m */ = {isa = PBXFileReference; lastKnownFileType = sourcecode.c.objc; path = AppDelegate.m; sourceTree = "<group>"; };
		B27E55111587F9A500A0A851 /* ViewController.h */ = {isa = PBXFileReference; lastKnownFileType = sourcecode.c.h; path = ViewController.h; sourceTree = "<group>"; };
		B27E55121587F9A500A0A851 /* ViewController.m */ = {isa = PBXFileReference; lastKnownFileType = sourcecode.c.objc; path = ViewController.m; sourceTree = "<group>"; };
		B27E55151587F9A600A0A851 /* en */ = {isa = PBXFileReference; lastKnownFileType = file.xib; name = en; path = en.lproj/ViewController_iPhone.xib; sourceTree = "<group>"; };
		B27E55181587F9A600A0A851 /* en */ = {isa = PBXFileReference; lastKnownFileType = file.xib; name = en; path = en.lproj/ViewController_iPad.xib; sourceTree = "<group>"; };
		B27E551F1587F9A600A0A851 /* AwayFromDeskOfficialClone2Tests.octest */ = {isa = PBXFileReference; explicitFileType = wrapper.cfbundle; includeInIndex = 0; path = AwayFromDeskOfficialClone2Tests.octest; sourceTree = BUILT_PRODUCTS_DIR; };
		B27E55201587F9A600A0A851 /* SenTestingKit.framework */ = {isa = PBXFileReference; lastKnownFileType = wrapper.framework; name = SenTestingKit.framework; path = Library/Frameworks/SenTestingKit.framework; sourceTree = DEVELOPER_DIR; };
		B27E55281587F9A600A0A851 /* AwayFromDeskOfficialClone2Tests-Info.plist */ = {isa = PBXFileReference; lastKnownFileType = text.plist.xml; path = "AwayFromDeskOfficialClone2Tests-Info.plist"; sourceTree = "<group>"; };
		B27E552A1587F9A600A0A851 /* en */ = {isa = PBXFileReference; lastKnownFileType = text.plist.strings; name = en; path = en.lproj/InfoPlist.strings; sourceTree = "<group>"; };
		B27E552C1587F9A600A0A851 /* AwayFromDeskOfficialClone2Tests.h */ = {isa = PBXFileReference; lastKnownFileType = sourcecode.c.h; path = AwayFromDeskOfficialClone2Tests.h; sourceTree = "<group>"; };
		B27E552D1587F9A600A0A851 /* AwayFromDeskOfficialClone2Tests.m */ = {isa = PBXFileReference; lastKnownFileType = sourcecode.c.objc; path = AwayFromDeskOfficialClone2Tests.m; sourceTree = "<group>"; };
		B27E55371587F9BC00A0A851 /* AwayFromDeskOfficialClone2.entitlements */ = {isa = PBXFileReference; lastKnownFileType = text.xml; path = AwayFromDeskOfficialClone2.entitlements; sourceTree = "<group>"; };
/* End PBXFileReference section */

/* Begin PBXFrameworksBuildPhase section */
		B27E54F81587F9A500A0A851 /* Frameworks */ = {
			isa = PBXFrameworksBuildPhase;
			buildActionMask = 2147483647;
			files = (
				B27E55001587F9A500A0A851 /* UIKit.framework in Frameworks */,
				B27E55021587F9A500A0A851 /* Foundation.framework in Frameworks */,
				B27E55041587F9A500A0A851 /* CoreGraphics.framework in Frameworks */,
			);
			runOnlyForDeploymentPostprocessing = 0;
		};
		B27E551B1587F9A600A0A851 /* Frameworks */ = {
			isa = PBXFrameworksBuildPhase;
			buildActionMask = 2147483647;
			files = (
				B27E55211587F9A600A0A851 /* SenTestingKit.framework in Frameworks */,
				B27E55221587F9A600A0A851 /* UIKit.framework in Frameworks */,
				B27E55231587F9A600A0A851 /* Foundation.framework in Frameworks */,
			);
			runOnlyForDeploymentPostprocessing = 0;
		};
/* End PBXFrameworksBuildPhase section */

/* Begin PBXGroup section */
		B27E54F01587F9A500A0A851 = {
			isa = PBXGroup;
			children = (
				B27E55051587F9A500A0A851 /* AwayFromDeskOfficialClone2 */,
				B27E55261587F9A600A0A851 /* AwayFromDeskOfficialClone2Tests */,
				B27E54FE1587F9A500A0A851 /* Frameworks */,
				B27E54FC1587F9A500A0A851 /* Products */,
			);
			sourceTree = "<group>";
		};
		B27E54FC1587F9A500A0A851 /* Products */ = {
			isa = PBXGroup;
			children = (
				B27E54FB1587F9A500A0A851 /* AwayFromDeskOfficialClone2.app */,
				B27E551F1587F9A600A0A851 /* AwayFromDeskOfficialClone2Tests.octest */,
			);
			name = Products;
			sourceTree = "<group>";
		};
		B27E54FE1587F9A500A0A851 /* Frameworks */ = {
			isa = PBXGroup;
			children = (
				B27E54FF1587F9A500A0A851 /* UIKit.framework */,
				B27E55011587F9A500A0A851 /* Foundation.framework */,
				B27E55031587F9A500A0A851 /* CoreGraphics.framework */,
				B27E55201587F9A600A0A851 /* SenTestingKit.framework */,
			);
			name = Frameworks;
			sourceTree = "<group>";
		};
		B27E55051587F9A500A0A851 /* AwayFromDeskOfficialClone2 */ = {
			isa = PBXGroup;
			children = (
				B27E55371587F9BC00A0A851 /* AwayFromDeskOfficialClone2.entitlements */,
				B27E550E1587F9A500A0A851 /* AppDelegate.h */,
				B27E550F1587F9A500A0A851 /* AppDelegate.m */,
				B27E55111587F9A500A0A851 /* ViewController.h */,
				B27E55121587F9A500A0A851 /* ViewController.m */,
				B27E55141587F9A600A0A851 /* ViewController_iPhone.xib */,
				B27E55171587F9A600A0A851 /* ViewController_iPad.xib */,
				B27E55061587F9A500A0A851 /* Supporting Files */,
			);
			path = AwayFromDeskOfficialClone2;
			sourceTree = "<group>";
		};
		B27E55061587F9A500A0A851 /* Supporting Files */ = {
			isa = PBXGroup;
			children = (
				B27E55071587F9A500A0A851 /* AwayFromDeskOfficialClone2-Info.plist */,
				B27E55081587F9A500A0A851 /* InfoPlist.strings */,
				B27E550B1587F9A500A0A851 /* main.m */,
				B27E550D1587F9A500A0A851 /* AwayFromDeskOfficialClone2-Prefix.pch */,
			);
			name = "Supporting Files";
			sourceTree = "<group>";
		};
		B27E55261587F9A600A0A851 /* AwayFromDeskOfficialClone2Tests */ = {
			isa = PBXGroup;
			children = (
				B27E552C1587F9A600A0A851 /* AwayFromDeskOfficialClone2Tests.h */,
				B27E552D1587F9A600A0A851 /* AwayFromDeskOfficialClone2Tests.m */,
				B27E55271587F9A600A0A851 /* Supporting Files */,
			);
			path = AwayFromDeskOfficialClone2Tests;
			sourceTree = "<group>";
		};
		B27E55271587F9A600A0A851 /* Supporting Files */ = {
			isa = PBXGroup;
			children = (
				B27E55281587F9A600A0A851 /* AwayFromDeskOfficialClone2Tests-Info.plist */,
				B27E55291587F9A600A0A851 /* InfoPlist.strings */,
			);
			name = "Supporting Files";
			sourceTree = "<group>";
		};
/* End PBXGroup section */

/* Begin PBXNativeTarget section */
		B27E54FA1587F9A500A0A851 /* AwayFromDeskOfficialClone2 */ = {
			isa = PBXNativeTarget;
			buildConfigurationList = B27E55311587F9A600A0A851 /* Build configuration list for PBXNativeTarget "AwayFromDeskOfficialClone2" */;
			buildPhases = (
				B27E54F71587F9A500A0A851 /* Sources */,
				B27E54F81587F9A500A0A851 /* Frameworks */,
				B27E54F91587F9A500A0A851 /* Resources */,
			);
			buildRules = (
			);
			dependencies = (
			);
			name = AwayFromDeskOfficialClone2;
			productName = AwayFromDeskOfficialClone2;
			productReference = B27E54FB1587F9A500A0A851 /* AwayFromDeskOfficialClone2.app */;
			productType = "com.apple.product-type.application";
		};
		B27E551E1587F9A600A0A851 /* AwayFromDeskOfficialClone2Tests */ = {
			isa = PBXNativeTarget;
			buildConfigurationList = B27E55341587F9A600A0A851 /* Build configuration list for PBXNativeTarget "AwayFromDeskOfficialClone2Tests" */;
			buildPhases = (
				B27E551A1587F9A600A0A851 /* Sources */,
				B27E551B1587F9A600A0A851 /* Frameworks */,
				B27E551C1587F9A600A0A851 /* Resources */,
				B27E551D1587F9A600A0A851 /* ShellScript */,
			);
			buildRules = (
			);
			dependencies = (
				B27E55251587F9A600A0A851 /* PBXTargetDependency */,
			);
			name = AwayFromDeskOfficialClone2Tests;
			productName = AwayFromDeskOfficialClone2Tests;
			productReference = B27E551F1587F9A600A0A851 /* AwayFromDeskOfficialClone2Tests.octest */;
			productType = "com.apple.product-type.bundle";
		};
/* End PBXNativeTarget section */

/* Begin PBXProject section */
		B27E54F21587F9A500A0A851 /* Project object */ = {
			isa = PBXProject;
			attributes = {
				LastUpgradeCheck = 0420;
				ORGANIZATIONNAME = "Developmental Applications";
			};
			buildConfigurationList = B27E54F51587F9A500A0A851 /* Build configuration list for PBXProject "AwayFromDeskOfficialClone2" */;
			compatibilityVersion = "Xcode 3.2";
			developmentRegion = English;
			hasScannedForEncodings = 0;
			knownRegions = (
				en,
			);
			mainGroup = B27E54F01587F9A500A0A851;
			productRefGroup = B27E54FC1587F9A500A0A851 /* Products */;
			projectDirPath = "";
			projectRoot = "";
			targets = (
				B27E54FA1587F9A500A0A851 /* AwayFromDeskOfficialClone2 */,
				B27E551E1587F9A600A0A851 /* AwayFromDeskOfficialClone2Tests */,
			);
		};
/* End PBXProject section */

/* Begin PBXResourcesBuildPhase section */
		B27E54F91587F9A500A0A851 /* Resources */ = {
			isa = PBXResourcesBuildPhase;
			buildActionMask = 2147483647;
			files = (
				B27E550A1587F9A500A0A851 /* InfoPlist.strings in Resources */,
				B27E55161587F9A600A0A851 /* ViewController_iPhone.xib in Resources */,
				B27E55191587F9A600A0A851 /* ViewController_iPad.xib in Resources */,
			);
			runOnlyForDeploymentPostprocessing = 0;
		};
		B27E551C1587F9A600A0A851 /* Resources */ = {
			isa = PBXResourcesBuildPhase;
			buildActionMask = 2147483647;
			files = (
				B27E552B1587F9A600A0A851 /* InfoPlist.strings in Resources */,
			);
			runOnlyForDeploymentPostprocessing = 0;
		};
/* End PBXResourcesBuildPhase section */

/* Begin PBXShellScriptBuildPhase section */
		B27E551D1587F9A600A0A851 /* ShellScript */ = {
			isa = PBXShellScriptBuildPhase;
			buildActionMask = 2147483647;
			files = (
			);
			inputPaths = (
			);
			outputPaths = (
			);
			runOnlyForDeploymentPostprocessing = 0;
			shellPath = /bin/sh;
			shellScript = "# Run the unit tests in this test bundle.\n\"${SYSTEM_DEVELOPER_DIR}/Tools/RunUnitTests\"\n";
		};
/* End PBXShellScriptBuildPhase section */

/* Begin PBXSourcesBuildPhase section */
		B27E54F71587F9A500A0A851 /* Sources */ = {
			isa = PBXSourcesBuildPhase;
			buildActionMask = 2147483647;
			files = (
				B27E550C1587F9A500A0A851 /* main.m in Sources */,
				B27E55101587F9A500A0A851 /* AppDelegate.m in Sources */,
				B27E55131587F9A500A0A851 /* ViewController.m in Sources */,
			);
			runOnlyForDeploymentPostprocessing = 0;
		};
		B27E551A1587F9A600A0A851 /* Sources */ = {
			isa = PBXSourcesBuildPhase;
			buildActionMask = 2147483647;
			files = (
				B27E552E1587F9A600A0A851 /* AwayFromDeskOfficialClone2Tests.m in Sources */,
			);
			runOnlyForDeploymentPostprocessing = 0;
		};
/* End PBXSourcesBuildPhase section */

/* Begin PBXTargetDependency section */
		B27E55251587F9A600A0A851 /* PBXTargetDependency */ = {
			isa = PBXTargetDependency;
			target = B27E54FA1587F9A500A0A851 /* AwayFromDeskOfficialClone2 */;
			targetProxy = B27E55241587F9A600A0A851 /* PBXContainerItemProxy */;
		};
/* End PBXTargetDependency section */

/* Begin PBXVariantGroup section */
		B27E55081587F9A500A0A851 /* InfoPlist.strings */ = {
			isa = PBXVariantGroup;
			children = (
				B27E55091587F9A500A0A851 /* en */,
			);
			name = InfoPlist.strings;
			sourceTree = "<group>";
		};
		B27E55141587F9A600A0A851 /* ViewController_iPhone.xib */ = {
			isa = PBXVariantGroup;
			children = (
				B27E55151587F9A600A0A851 /* en */,
			);
			name = ViewController_iPhone.xib;
			sourceTree = "<group>";
		};
		B27E55171587F9A600A0A851 /* ViewController_iPad.xib */ = {
			isa = PBXVariantGroup;
			children = (
				B27E55181587F9A600A0A851 /* en */,
			);
			name = ViewController_iPad.xib;
			sourceTree = "<group>";
		};
		B27E55291587F9A600A0A851 /* InfoPlist.strings */ = {
			isa = PBXVariantGroup;
			children = (
				B27E552A1587F9A600A0A851 /* en */,
			);
			name = InfoPlist.strings;
			sourceTree = "<group>";
		};
/* End PBXVariantGroup section */

/* Begin XCBuildConfiguration section */
		B27E552F1587F9A600A0A851 /* Debug */ = {
			isa = XCBuildConfiguration;
			buildSettings = {
				ALWAYS_SEARCH_USER_PATHS = NO;
				ARCHS = "$(ARCHS_STANDARD_32_BIT)";
				"CODE_SIGN_IDENTITY[sdk=iphoneos*]" = "iPhone Developer";
				COPY_PHASE_STRIP = NO;
				GCC_C_LANGUAGE_STANDARD = gnu99;
				GCC_DYNAMIC_NO_PIC = NO;
				GCC_OPTIMIZATION_LEVEL = 0;
				GCC_PREPROCESSOR_DEFINITIONS = (
					"DEBUG=1",
					"$(inherited)",
				);
				GCC_SYMBOLS_PRIVATE_EXTERN = NO;
				GCC_VERSION = com.apple.compilers.llvm.clang.1_0;
				GCC_WARN_ABOUT_MISSING_PROTOTYPES = YES;
				GCC_WARN_ABOUT_RETURN_TYPE = YES;
				GCC_WARN_UNUSED_VARIABLE = YES;
				IPHONEOS_DEPLOYMENT_TARGET = 5.0;
				SDKROOT = iphoneos;
				TARGETED_DEVICE_FAMILY = "1,2";
			};
			name = Debug;
		};
		B27E55301587F9A600A0A851 /* Release */ = {
			isa = XCBuildConfiguration;
			buildSettings = {
				ALWAYS_SEARCH_USER_PATHS = NO;
				ARCHS = "$(ARCHS_STANDARD_32_BIT)";
				"CODE_SIGN_IDENTITY[sdk=iphoneos*]" = "iPhone Developer";
				COPY_PHASE_STRIP = YES;
				GCC_C_LANGUAGE_STANDARD = gnu99;
				GCC_VERSION = com.apple.compilers.llvm.clang.1_0;
				GCC_WARN_ABOUT_MISSING_PROTOTYPES = YES;
				GCC_WARN_ABOUT_RETURN_TYPE = YES;
				GCC_WARN_UNUSED_VARIABLE = YES;
				IPHONEOS_DEPLOYMENT_TARGET = 5.0;
				OTHER_CFLAGS = "-DNS_BLOCK_ASSERTIONS=1";
				SDKROOT = iphoneos;
				TARGETED_DEVICE_FAMILY = "1,2";
				VALIDATE_PRODUCT = YES;
			};
			name = Release;
		};
		B27E55321587F9A600A0A851 /* Debug */ = {
			isa = XCBuildConfiguration;
			buildSettings = {
				CODE_SIGN_ENTITLEMENTS = AwayFromDeskOfficialClone2/AwayFromDeskOfficialClone2.entitlements;
				GCC_PRECOMPILE_PREFIX_HEADER = YES;
				GCC_PREFIX_HEADER = "AwayFromDeskOfficialClone2/AwayFromDeskOfficialClone2-Prefix.pch";
				INFOPLIST_FILE = "AwayFromDeskOfficialClone2/AwayFromDeskOfficialClone2-Info.plist";
				PRODUCT_NAME = "$(TARGET_NAME)";
				WRAPPER_EXTENSION = app;
			};
			name = Debug;
		};
		B27E55331587F9A600A0A851 /* Release */ = {
			isa = XCBuildConfiguration;
			buildSettings = {
				CODE_SIGN_ENTITLEMENTS = AwayFromDeskOfficialClone2/AwayFromDeskOfficialClone2.entitlements;
				GCC_PRECOMPILE_PREFIX_HEADER = YES;
				GCC_PREFIX_HEADER = "AwayFromDeskOfficialClone2/AwayFromDeskOfficialClone2-Prefix.pch";
				INFOPLIST_FILE = "AwayFromDeskOfficialClone2/AwayFromDeskOfficialClone2-Info.plist";
				PRODUCT_NAME = "$(TARGET_NAME)";
				WRAPPER_EXTENSION = app;
			};
			name = Release;
		};
		B27E55351587F9A600A0A851 /* Debug */ = {
			isa = XCBuildConfiguration;
			buildSettings = {
				BUNDLE_LOADER = "$(BUILT_PRODUCTS_DIR)/AwayFromDeskOfficialClone2.app/AwayFromDeskOfficialClone2";
				FRAMEWORK_SEARCH_PATHS = (
					"$(SDKROOT)/Developer/Library/Frameworks",
					"$(DEVELOPER_LIBRARY_DIR)/Frameworks",
				);
				GCC_PRECOMPILE_PREFIX_HEADER = YES;
				GCC_PREFIX_HEADER = "AwayFromDeskOfficialClone2/AwayFromDeskOfficialClone2-Prefix.pch";
				INFOPLIST_FILE = "AwayFromDeskOfficialClone2Tests/AwayFromDeskOfficialClone2Tests-Info.plist";
				PRODUCT_NAME = "$(TARGET_NAME)";
				TEST_HOST = "$(BUNDLE_LOADER)";
				WRAPPER_EXTENSION = octest;
			};
			name = Debug;
		};
		B27E55361587F9A600A0A851 /* Release */ = {
			isa = XCBuildConfiguration;
			buildSettings = {
				BUNDLE_LOADER = "$(BUILT_PRODUCTS_DIR)/AwayFromDeskOfficialClone2.app/AwayFromDeskOfficialClone2";
				FRAMEWORK_SEARCH_PATHS = (
					"$(SDKROOT)/Developer/Library/Frameworks",
					"$(DEVELOPER_LIBRARY_DIR)/Frameworks",
				);
				GCC_PRECOMPILE_PREFIX_HEADER = YES;
				GCC_PREFIX_HEADER = "AwayFromDeskOfficialClone2/AwayFromDeskOfficialClone2-Prefix.pch";
				INFOPLIST_FILE = "AwayFromDeskOfficialClone2Tests/AwayFromDeskOfficialClone2Tests-Info.plist";
				PRODUCT_NAME = "$(TARGET_NAME)";
				TEST_HOST = "$(BUNDLE_LOADER)";
				WRAPPER_EXTENSION = octest;
			};
			name = Release;
		};
/* End XCBuildConfiguration section */

/* Begin XCConfigurationList section */
		B27E54F51587F9A500A0A851 /* Build configuration list for PBXProject "AwayFromDeskOfficialClone2" */ = {
			isa = XCConfigurationList;
			buildConfigurations = (
				B27E552F1587F9A600A0A851 /* Debug */,
				B27E55301587F9A600A0A851 /* Release */,
			);
			defaultConfigurationIsVisible = 0;
			defaultConfigurationName = Release;
		};
		B27E55311587F9A600A0A851 /* Build configuration list for PBXNativeTarget "AwayFromDeskOfficialClone2" */ = {
			isa = XCConfigurationList;
			buildConfigurations = (
				B27E55321587F9A600A0A851 /* Debug */,
				B27E55331587F9A600A0A851 /* Release */,
			);
			defaultConfigurationIsVisible = 0;
		};
		B27E55341587F9A600A0A851 /* Build configuration list for PBXNativeTarget "AwayFromDeskOfficialClone2Tests" */ = {
			isa = XCConfigurationList;
			buildConfigurations = (
				B27E55351587F9A600A0A851 /* Debug */,
				B27E55361587F9A600A0A851 /* Release */,
			);
			defaultConfigurationIsVisible = 0;
		};
/* End XCConfigurationList section */
	};
	rootObject = B27E54F21587F9A500A0A851 /* Project object */;
}
